
Microsoft Visual Studio Solution File, Format Version 12.00
Project("{FAE04EC0-301F-11D3-BF4B-00C04F79EFBC}") = "WebApplication2", "WebApplication2\WebApplication2.csproj", "{FCCA45C7-2D75-4E0D-9C90-3B35CA541F51}"
EndProject
Global
	GlobalSection(SolutionConfigurationPlatforms) = preSolution
		Debug|Any CPU = Debug|Any CPU
		Release|Any CPU = Release|Any CPU
	EndGlobalSection
	GlobalSection(ProjectConfigurationPlatforms) = postSolution
		{FCCA45C7-2D75-4E0D-9C90-3B35CA541F51}.Debug|Any CPU.ActiveCfg = Debug|Any CPU
		{FCCA45C7-2D75-4E0D-9C90-3B35CA541F51}.Debug|Any CPU.Build.0 = Debug|Any CPU
		{FCCA45C7-2D75-4E0D-9C90-3B35CA541F51}.Release|Any CPU.ActiveCfg = Release|Any CPU
		{FCCA45C7-2D75-4E0D-9C90-3B35CA541F51}.Release|Any CPU.Build.0 = Release|Any CPU
	EndGlobalSection
EndGlobal
